
Microsoft Visual Studio Solution File, Format Version 12.00
# Visual Studio Version 17
VisualStudioVersion = 17.7.34221.43
MinimumVisualStudioVersion = 10.0.40219.1
Project("{FAE04EC0-301F-11D3-BF4B-00C04F79EFBC}") = "Wot", "Wot\Wot.csproj", "{C68615DC-570F-4874-9838-FE09DC7C6E0C}"
EndProject
Global
	GlobalSection(SolutionConfigurationPlatforms) = preSolution
		Debug|Any CPU = Debug|Any CPU
		Debug|Mixed Platforms = Debug|Mixed Platforms
		Debug|x64 = Debug|x64
		Debug|x86 = Debug|x86
		Release|Any CPU = Release|Any CPU
		Release|Mixed Platforms = Release|Mixed Platforms
		Release|x64 = Release|x64
		Release|x86 = Release|x86
	EndGlobalSection
	GlobalSection(ProjectConfigurationPlatforms) = postSolution
		{C68615DC-570F-4874-9838-FE09DC7C6E0C}.Debug|Any CPU.ActiveCfg = Debug|x86
		{C68615DC-570F-4874-9838-FE09DC7C6E0C}.Debug|Any CPU.Build.0 = Debug|x86
		{C68615DC-570F-4874-9838-FE09DC7C6E0C}.Debug|Mixed Platforms.ActiveCfg = Debug|x86
		{C68615DC-570F-4874-9838-FE09DC7C6E0C}.Debug|Mixed Platforms.Build.0 = Debug|x86
		{C68615DC-570F-4874-9838-FE09DC7C6E0C}.Debug|x64.ActiveCfg = Release|x64
		{C68615DC-570F-4874-9838-FE09DC7C6E0C}.Debug|x64.Build.0 = Release|x64
		{C68615DC-570F-4874-9838-FE09DC7C6E0C}.Debug|x86.ActiveCfg = Debug|x86
		{C68615DC-570F-4874-9838-FE09DC7C6E0C}.Debug|x86.Build.0 = Debug|x86
		{C68615DC-570F-4874-9838-FE09DC7C6E0C}.Release|Any CPU.ActiveCfg = Release|x86
		{C68615DC-570F-4874-9838-FE09DC7C6E0C}.Release|Any CPU.Build.0 = Release|x86
		{C68615DC-570F-4874-9838-FE09DC7C6E0C}.Release|Mixed Platforms.ActiveCfg = Release|x86
		{C68615DC-570F-4874-9838-FE09DC7C6E0C}.Release|Mixed Platforms.Build.0 = Release|x86
		{C68615DC-570F-4874-9838-FE09DC7C6E0C}.Release|x64.ActiveCfg = Release|x64
		{C68615DC-570F-4874-9838-FE09DC7C6E0C}.Release|x64.Build.0 = Release|x64
		{C68615DC-570F-4874-9838-FE09DC7C6E0C}.Release|x86.ActiveCfg = Release|x86
		{C68615DC-570F-4874-9838-FE09DC7C6E0C}.Release|x86.Build.0 = Release|x86
	EndGlobalSection
	GlobalSection(SolutionProperties) = preSolution
		HideSolutionNode = FALSE
	EndGlobalSection
	GlobalSection(ExtensibilityGlobals) = postSolution
		SolutionGuid = {88B6761F-BE87-4B75-9D6F-411BB108AA63}
	EndGlobalSection
EndGlobal
